
Microsoft Visual Studio Solution File, Format Version 12.00
# Visual Studio 15
VisualStudioVersion = 15.0.28307.168
MinimumVisualStudioVersion = 10.0.40219.1
Project("{FAE04EC0-301F-11D3-BF4B-00C04F79EFBC}") = "XFDemo01.Android", "XFDemo01\XFDemo01.Android\XFDemo01.Android.csproj", "{F4F09D61-9B11-42C7-B06A-61D3BC25A2BA}"
EndProject
Project("{FAE04EC0-301F-11D3-BF4B-00C04F79EFBC}") = "XFDemo01.iOS", "XFDemo01\XFDemo01.iOS\XFDemo01.iOS.csproj", "{0325A55D-79C9-40EA-B60E-545145D4B217}"
EndProject
Project("{FAE04EC0-301F-11D3-BF4B-00C04F79EFBC}") = "XFDemo01.UWP", "XFDemo01\XFDemo01.UWP\XFDemo01.UWP.csproj", "{5F3D50FE-288E-4421-8F17-F0D7D4E4176A}"
EndProject
Project("{FAE04EC0-301F-11D3-BF4B-00C04F79EFBC}") = "XFDemo01", "XFDemo01\XFDemo01\XFDemo01.csproj", "{338E12AF-F24B-4B8C-991D-CB6780B9F0E8}"
EndProject
Global
	GlobalSection(SolutionConfigurationPlatforms) = preSolution
		Ad-Hoc|Any CPU = Ad-Hoc|Any CPU
		Ad-Hoc|ARM = Ad-Hoc|ARM
		Ad-Hoc|iPhone = Ad-Hoc|iPhone
		Ad-Hoc|iPhoneSimulator = Ad-Hoc|iPhoneSimulator
		Ad-Hoc|x64 = Ad-Hoc|x64
		Ad-Hoc|x86 = Ad-Hoc|x86
		AppStore|Any CPU = AppStore|Any CPU
		AppStore|ARM = AppStore|ARM
		AppStore|iPhone = AppStore|iPhone
		AppStore|iPhoneSimulator = AppStore|iPhoneSimulator
		AppStore|x64 = AppStore|x64
		AppStore|x86 = AppStore|x86
		Debug|Any CPU = Debug|Any CPU
		Debug|ARM = Debug|ARM
		Debug|iPhone = Debug|iPhone
		Debug|iPhoneSimulator = Debug|iPhoneSimulator
		Debug|x64 = Debug|x64
		Debug|x86 = Debug|x86
		Release|Any CPU = Release|Any CPU
		Release|ARM = Release|ARM
		Release|iPhone = Release|iPhone
		Release|iPhoneSimulator = Release|iPhoneSimulator
		Release|x64 = Release|x64
		Release|x86 = Release|x86
	EndGlobalSection
	GlobalSection(ProjectConfigurationPlatforms) = postSolution
		{F4F09D61-9B11-42C7-B06A-61D3BC25A2BA}.Ad-Hoc|Any CPU.ActiveCfg = Release|Any CPU
		{F4F09D61-9B11-42C7-B06A-61D3BC25A2BA}.Ad-Hoc|Any CPU.Build.0 = Release|Any CPU
		{F4F09D61-9B11-42C7-B06A-61D3BC25A2BA}.Ad-Hoc|Any CPU.Deploy.0 = Release|Any CPU
		{F4F09D61-9B11-42C7-B06A-61D3BC25A2BA}.Ad-Hoc|ARM.ActiveCfg = Release|Any CPU
		{F4F09D61-9B11-42C7-B06A-61D3BC25A2BA}.Ad-Hoc|ARM.Build.0 = Release|Any CPU
		{F4F09D61-9B11-42C7-B06A-61D3BC25A2BA}.Ad-Hoc|ARM.Deploy.0 = Release|Any CPU
		{F4F09D61-9B11-42C7-B06A-61D3BC25A2BA}.Ad-Hoc|iPhone.ActiveCfg = Release|Any CPU
		{F4F09D61-9B11-42C7-B06A-61D3BC25A2BA}.Ad-Hoc|iPhone.Build.0 = Release|Any CPU
		{F4F09D61-9B11-42C7-B06A-61D3BC25A2BA}.Ad-Hoc|iPhone.Deploy.0 = Release|Any CPU
		{F4F09D61-9B11-42C7-B06A-61D3BC25A2BA}.Ad-Hoc|iPhoneSimulator.ActiveCfg = Release|Any CPU
		{F4F09D61-9B11-42C7-B06A-61D3BC25A2BA}.Ad-Hoc|iPhoneSimulator.Build.0 = Release|Any CPU
		{F4F09D61-9B11-42C7-B06A-61D3BC25A2BA}.Ad-Hoc|iPhoneSimulator.Deploy.0 = Release|Any CPU
		{F4F09D61-9B11-42C7-B06A-61D3BC25A2BA}.Ad-Hoc|x64.ActiveCfg = Release|Any CPU
		{F4F09D61-9B11-42C7-B06A-61D3BC25A2BA}.Ad-Hoc|x64.Build.0 = Release|Any CPU
		{F4F09D61-9B11-42C7-B06A-61D3BC25A2BA}.Ad-Hoc|x64.Deploy.0 = Release|Any CPU
		{F4F09D61-9B11-42C7-B06A-61D3BC25A2BA}.Ad-Hoc|x86.ActiveCfg = Release|Any CPU
		{F4F09D61-9B11-42C7-B06A-61D3BC25A2BA}.Ad-Hoc|x86.Build.0 = Release|Any CPU
		{F4F09D61-9B11-42C7-B06A-61D3BC25A2BA}.Ad-Hoc|x86.Deploy.0 = Release|Any CPU
		{F4F09D61-9B11-42C7-B06A-61D3BC25A2BA}.AppStore|Any CPU.ActiveCfg = Release|Any CPU
		{F4F09D61-9B11-42C7-B06A-61D3BC25A2BA}.AppStore|Any CPU.Build.0 = Release|Any CPU
		{F4F09D61-9B11-42C7-B06A-61D3BC25A2BA}.AppStore|Any CPU.Deploy.0 = Release|Any CPU
		{F4F09D61-9B11-42C7-B06A-61D3BC25A2BA}.AppStore|ARM.ActiveCfg = Release|Any CPU
		{F4F09D61-9B11-42C7-B06A-61D3BC25A2BA}.AppStore|ARM.Build.0 = Release|Any CPU
		{F4F09D61-9B11-42C7-B06A-61D3BC25A2BA}.AppStore|ARM.Deploy.0 = Release|Any CPU
		{F4F09D61-9B11-42C7-B06A-61D3BC25A2BA}.AppStore|iPhone.ActiveCfg = Release|Any CPU
		{F4F09D61-9B11-42C7-B06A-61D3BC25A2BA}.AppStore|iPhone.Build.0 = Release|Any CPU
		{F4F09D61-9B11-42C7-B06A-61D3BC25A2BA}.AppStore|iPhone.Deploy.0 = Release|Any CPU
		{F4F09D61-9B11-42C7-B06A-61D3BC25A2BA}.AppStore|iPhoneSimulator.ActiveCfg = Release|Any CPU
		{F4F09D61-9B11-42C7-B06A-61D3BC25A2BA}.AppStore|iPhoneSimulator.Build.0 = Release|Any CPU
		{F4F09D61-9B11-42C7-B06A-61D3BC25A2BA}.AppStore|iPhoneSimulator.Deploy.0 = Release|Any CPU
		{F4F09D61-9B11-42C7-B06A-61D3BC25A2BA}.AppStore|x64.ActiveCfg = Release|Any CPU
		{F4F09D61-9B11-42C7-B06A-61D3BC25A2BA}.AppStore|x64.Build.0 = Release|Any CPU
		{F4F09D61-9B11-42C7-B06A-61D3BC25A2BA}.AppStore|x64.Deploy.0 = Release|Any CPU
		{F4F09D61-9B11-42C7-B06A-61D3BC25A2BA}.AppStore|x86.ActiveCfg = Release|Any CPU
		{F4F09D61-9B11-42C7-B06A-61D3BC25A2BA}.AppStore|x86.Build.0 = Release|Any CPU
		{F4F09D61-9B11-42C7-B06A-61D3BC25A2BA}.AppStore|x86.Deploy.0 = Release|Any CPU
		{F4F09D61-9B11-42C7-B06A-61D3BC25A2BA}.Debug|Any CPU.ActiveCfg = Debug|Any CPU
		{F4F09D61-9B11-42C7-B06A-61D3BC25A2BA}.Debug|Any CPU.Build.0 = Debug|Any CPU
		{F4F09D61-9B11-42C7-B06A-61D3BC25A2BA}.Debug|Any CPU.Deploy.0 = Debug|Any CPU
		{F4F09D61-9B11-42C7-B06A-61D3BC25A2BA}.Debug|ARM.ActiveCfg = Debug|Any CPU
		{F4F09D61-9B11-42C7-B06A-61D3BC25A2BA}.Debug|ARM.Build.0 = Debug|Any CPU
		{F4F09D61-9B11-42C7-B06A-61D3BC25A2BA}.Debug|ARM.Deploy.0 = Debug|Any CPU
		{F4F09D61-9B11-42C7-B06A-61D3BC25A2BA}.Debug|iPhone.ActiveCfg = Debug|Any CPU
		{F4F09D61-9B11-42C7-B06A-61D3BC25A2BA}.Debug|iPhone.Build.0 = Debug|Any CPU
		{F4F09D61-9B11-42C7-B06A-61D3BC25A2BA}.Debug|iPhone.Deploy.0 = Debug|Any CPU
		{F4F09D61-9B11-42C7-B06A-61D3BC25A2BA}.Debug|iPhoneSimulator.ActiveCfg = Debug|Any CPU
		{F4F09D61-9B11-42C7-B06A-61D3BC25A2BA}.Debug|iPhoneSimulator.Build.0 = Debug|Any CPU
		{F4F09D61-9B11-42C7-B06A-61D3BC25A2BA}.Debug|iPhoneSimulator.Deploy.0 = Debug|Any CPU
		{F4F09D61-9B11-42C7-B06A-61D3BC25A2BA}.Debug|x64.ActiveCfg = Debug|Any CPU
		{F4F09D61-9B11-42C7-B06A-61D3BC25A2BA}.Debug|x64.Build.0 = Debug|Any CPU
		{F4F09D61-9B11-42C7-B06A-61D3BC25A2BA}.Debug|x64.Deploy.0 = Debug|Any CPU
		{F4F09D61-9B11-42C7-B06A-61D3BC25A2BA}.Debug|x86.ActiveCfg = Debug|Any CPU
		{F4F09D61-9B11-42C7-B06A-61D3BC25A2BA}.Debug|x86.Build.0 = Debug|Any CPU
		{F4F09D61-9B11-42C7-B06A-61D3BC25A2BA}.Debug|x86.Deploy.0 = Debug|Any CPU
		{F4F09D61-9B11-42C7-B06A-61D3BC25A2BA}.Release|Any CPU.ActiveCfg = Release|Any CPU
		{F4F09D61-9B11-42C7-B06A-61D3BC25A2BA}.Release|Any CPU.Build.0 = Release|Any CPU
		{F4F09D61-9B11-42C7-B06A-61D3BC25A2BA}.Release|Any CPU.Deploy.0 = Release|Any CPU
		{F4F09D61-9B11-42C7-B06A-61D3BC25A2BA}.Release|ARM.ActiveCfg = Release|Any CPU
		{F4F09D61-9B11-42C7-B06A-61D3BC25A2BA}.Release|ARM.Build.0 = Release|Any CPU
		{F4F09D61-9B11-42C7-B06A-61D3BC25A2BA}.Release|ARM.Deploy.0 = Release|Any CPU
		{F4F09D61-9B11-42C7-B06A-61D3BC25A2BA}.Release|iPhone.ActiveCfg = Release|Any CPU
		{F4F09D61-9B11-42C7-B06A-61D3BC25A2BA}.Release|iPhone.Build.0 = Release|Any CPU
		{F4F09D61-9B11-42C7-B06A-61D3BC25A2BA}.Release|iPhone.Deploy.0 = Release|Any CPU
		{F4F09D61-9B11-42C7-B06A-61D3BC25A2BA}.Release|iPhoneSimulator.ActiveCfg = Release|Any CPU
		{F4F09D61-9B11-42C7-B06A-61D3BC25A2BA}.Release|iPhoneSimulator.Build.0 = Release|Any CPU
		{F4F09D61-9B11-42C7-B06A-61D3BC25A2BA}.Release|iPhoneSimulator.Deploy.0 = Release|Any CPU
		{F4F09D61-9B11-42C7-B06A-61D3BC25A2BA}.Release|x64.ActiveCfg = Release|Any CPU
		{F4F09D61-9B11-42C7-B06A-61D3BC25A2BA}.Release|x64.Build.0 = Release|Any CPU
		{F4F09D61-9B11-42C7-B06A-61D3BC25A2BA}.Release|x64.Deploy.0 = Release|Any CPU
		{F4F09D61-9B11-42C7-B06A-61D3BC25A2BA}.Release|x86.ActiveCfg = Release|Any CPU
		{F4F09D61-9B11-42C7-B06A-61D3BC25A2BA}.Release|x86.Build.0 = Release|Any CPU
		{F4F09D61-9B11-42C7-B06A-61D3BC25A2BA}.Release|x86.Deploy.0 = Release|Any CPU
		{0325A55D-79C9-40EA-B60E-545145D4B217}.Ad-Hoc|Any CPU.ActiveCfg = Ad-Hoc|iPhone
		{0325A55D-79C9-40EA-B60E-545145D4B217}.Ad-Hoc|Any CPU.Build.0 = Ad-Hoc|iPhone
		{0325A55D-79C9-40EA-B60E-545145D4B217}.Ad-Hoc|Any CPU.Deploy.0 = Ad-Hoc|iPhone
		{0325A55D-79C9-40EA-B60E-545145D4B217}.Ad-Hoc|ARM.ActiveCfg = Ad-Hoc|iPhone
		{0325A55D-79C9-40EA-B60E-545145D4B217}.Ad-Hoc|ARM.Build.0 = Ad-Hoc|iPhone
		{0325A55D-79C9-40EA-B60E-545145D4B217}.Ad-Hoc|ARM.Deploy.0 = Ad-Hoc|iPhone
		{0325A55D-79C9-40EA-B60E-545145D4B217}.Ad-Hoc|iPhone.ActiveCfg = Ad-Hoc|iPhone
		{0325A55D-79C9-40EA-B60E-545145D4B217}.Ad-Hoc|iPhone.Build.0 = Ad-Hoc|iPhone
		{0325A55D-79C9-40EA-B60E-545145D4B217}.Ad-Hoc|iPhone.Deploy.0 = Ad-Hoc|iPhone
		{0325A55D-79C9-40EA-B60E-545145D4B217}.Ad-Hoc|iPhoneSimulator.ActiveCfg = Ad-Hoc|iPhoneSimulator
		{0325A55D-79C9-40EA-B60E-545145D4B217}.Ad-Hoc|iPhoneSimulator.Build.0 = Ad-Hoc|iPhoneSimulator
		{0325A55D-79C9-40EA-B60E-545145D4B217}.Ad-Hoc|iPhoneSimulator.Deploy.0 = Ad-Hoc|iPhoneSimulator
		{0325A55D-79C9-40EA-B60E-545145D4B217}.Ad-Hoc|x64.ActiveCfg = Ad-Hoc|iPhone
		{0325A55D-79C9-40EA-B60E-545145D4B217}.Ad-Hoc|x64.Build.0 = Ad-Hoc|iPhone
		{0325A55D-79C9-40EA-B60E-545145D4B217}.Ad-Hoc|x64.Deploy.0 = Ad-Hoc|iPhone
		{0325A55D-79C9-40EA-B60E-545145D4B217}.Ad-Hoc|x86.ActiveCfg = Ad-Hoc|iPhone
		{0325A55D-79C9-40EA-B60E-545145D4B217}.Ad-Hoc|x86.Build.0 = Ad-Hoc|iPhone
		{0325A55D-79C9-40EA-B60E-545145D4B217}.Ad-Hoc|x86.Deploy.0 = Ad-Hoc|iPhone
		{0325A55D-79C9-40EA-B60E-545145D4B217}.AppStore|Any CPU.ActiveCfg = AppStore|iPhone
		{0325A55D-79C9-40EA-B60E-545145D4B217}.AppStore|Any CPU.Build.0 = AppStore|iPhone
		{0325A55D-79C9-40EA-B60E-545145D4B217}.AppStore|Any CPU.Deploy.0 = AppStore|iPhone
		{0325A55D-79C9-40EA-B60E-545145D4B217}.AppStore|ARM.ActiveCfg = AppStore|iPhone
		{0325A55D-79C9-40EA-B60E-545145D4B217}.AppStore|ARM.Build.0 = AppStore|iPhone
		{0325A55D-79C9-40EA-B60E-545145D4B217}.AppStore|ARM.Deploy.0 = AppStore|iPhone
		{0325A55D-79C9-40EA-B60E-545145D4B217}.AppStore|iPhone.ActiveCfg = AppStore|iPhone
		{0325A55D-79C9-40EA-B60E-545145D4B217}.AppStore|iPhone.Build.0 = AppStore|iPhone
		{0325A55D-79C9-40EA-B60E-545145D4B217}.AppStore|iPhone.Deploy.0 = AppStore|iPhone
		{0325A55D-79C9-40EA-B60E-545145D4B217}.AppStore|iPhoneSimulator.ActiveCfg = AppStore|iPhoneSimulator
		{0325A55D-79C9-40EA-B60E-545145D4B217}.AppStore|iPhoneSimulator.Build.0 = AppStore|iPhoneSimulator
		{0325A55D-79C9-40EA-B60E-545145D4B217}.AppStore|iPhoneSimulator.Deploy.0 = AppStore|iPhoneSimulator
		{0325A55D-79C9-40EA-B60E-545145D4B217}.AppStore|x64.ActiveCfg = AppStore|iPhone
		{0325A55D-79C9-40EA-B60E-545145D4B217}.AppStore|x64.Build.0 = AppStore|iPhone
		{0325A55D-79C9-40EA-B60E-545145D4B217}.AppStore|x64.Deploy.0 = AppStore|iPhone
		{0325A55D-79C9-40EA-B60E-545145D4B217}.AppStore|x86.ActiveCfg = AppStore|iPhone
		{0325A55D-79C9-40EA-B60E-545145D4B217}.AppStore|x86.Build.0 = AppStore|iPhone
		{0325A55D-79C9-40EA-B60E-545145D4B217}.AppStore|x86.Deploy.0 = AppStore|iPhone
		{0325A55D-79C9-40EA-B60E-545145D4B217}.Debug|Any CPU.ActiveCfg = Debug|iPhoneSimulator
		{0325A55D-79C9-40EA-B60E-545145D4B217}.Debug|Any CPU.Build.0 = Debug|iPhoneSimulator
		{0325A55D-79C9-40EA-B60E-545145D4B217}.Debug|Any CPU.Deploy.0 = Debug|iPhoneSimulator
		{0325A55D-79C9-40EA-B60E-545145D4B217}.Debug|ARM.ActiveCfg = Debug|iPhone
		{0325A55D-79C9-40EA-B60E-545145D4B217}.Debug|ARM.Build.0 = Debug|iPhone
		{0325A55D-79C9-40EA-B60E-545145D4B217}.Debug|ARM.Deploy.0 = Debug|iPhone
		{0325A55D-79C9-40EA-B60E-545145D4B217}.Debug|iPhone.ActiveCfg = Debug|iPhone
		{0325A55D-79C9-40EA-B60E-545145D4B217}.Debug|iPhone.Build.0 = Debug|iPhone
		{0325A55D-79C9-40EA-B60E-545145D4B217}.Debug|iPhone.Deploy.0 = Debug|iPhone
		{0325A55D-79C9-40EA-B60E-545145D4B217}.Debug|iPhoneSimulator.ActiveCfg = Debug|iPhoneSimulator
		{0325A55D-79C9-40EA-B60E-545145D4B217}.Debug|iPhoneSimulator.Build.0 = Debug|iPhoneSimulator
		{0325A55D-79C9-40EA-B60E-545145D4B217}.Debug|iPhoneSimulator.Deploy.0 = Debug|iPhoneSimulator
		{0325A55D-79C9-40EA-B60E-545145D4B217}.Debug|x64.ActiveCfg = Debug|iPhone
		{0325A55D-79C9-40EA-B60E-545145D4B217}.Debug|x64.Build.0 = Debug|iPhone
		{0325A55D-79C9-40EA-B60E-545145D4B217}.Debug|x64.Deploy.0 = Debug|iPhone
		{0325A55D-79C9-40EA-B60E-545145D4B217}.Debug|x86.ActiveCfg = Debug|iPhone
		{0325A55D-79C9-40EA-B60E-545145D4B217}.Debug|x86.Build.0 = Debug|iPhone
		{0325A55D-79C9-40EA-B60E-545145D4B217}.Debug|x86.Deploy.0 = Debug|iPhone
		{0325A55D-79C9-40EA-B60E-545145D4B217}.Release|Any CPU.ActiveCfg = Release|iPhone
		{0325A55D-79C9-40EA-B60E-545145D4B217}.Release|Any CPU.Build.0 = Release|iPhone
		{0325A55D-79C9-40EA-B60E-545145D4B217}.Release|Any CPU.Deploy.0 = Release|iPhone
		{0325A55D-79C9-40EA-B60E-545145D4B217}.Release|ARM.ActiveCfg = Release|iPhone
		{0325A55D-79C9-40EA-B60E-545145D4B217}.Release|ARM.Build.0 = Release|iPhone
		{0325A55D-79C9-40EA-B60E-545145D4B217}.Release|ARM.Deploy.0 = Release|iPhone
		{0325A55D-79C9-40EA-B60E-545145D4B217}.Release|iPhone.ActiveCfg = Release|iPhone
		{0325A55D-79C9-40EA-B60E-545145D4B217}.Release|iPhone.Build.0 = Release|iPhone
		{0325A55D-79C9-40EA-B60E-545145D4B217}.Release|iPhone.Deploy.0 = Release|iPhone
		{0325A55D-79C9-40EA-B60E-545145D4B217}.Release|iPhoneSimulator.ActiveCfg = Release|iPhoneSimulator
		{0325A55D-79C9-40EA-B60E-545145D4B217}.Release|iPhoneSimulator.Build.0 = Release|iPhoneSimulator
		{0325A55D-79C9-40EA-B60E-545145D4B217}.Release|iPhoneSimulator.Deploy.0 = Release|iPhoneSimulator
		{0325A55D-79C9-40EA-B60E-545145D4B217}.Release|x64.ActiveCfg = Release|iPhone
		{0325A55D-79C9-40EA-B60E-545145D4B217}.Release|x64.Build.0 = Release|iPhone
		{0325A55D-79C9-40EA-B60E-545145D4B217}.Release|x64.Deploy.0 = Release|iPhone
		{0325A55D-79C9-40EA-B60E-545145D4B217}.Release|x86.ActiveCfg = Release|iPhone
		{0325A55D-79C9-40EA-B60E-545145D4B217}.Release|x86.Build.0 = Release|iPhone
		{0325A55D-79C9-40EA-B60E-545145D4B217}.Release|x86.Deploy.0 = Release|iPhone
		{5F3D50FE-288E-4421-8F17-F0D7D4E4176A}.Ad-Hoc|Any CPU.ActiveCfg = Release|x86
		{5F3D50FE-288E-4421-8F17-F0D7D4E4176A}.Ad-Hoc|Any CPU.Build.0 = Release|x86
		{5F3D50FE-288E-4421-8F17-F0D7D4E4176A}.Ad-Hoc|Any CPU.Deploy.0 = Release|x86
		{5F3D50FE-288E-4421-8F17-F0D7D4E4176A}.Ad-Hoc|ARM.ActiveCfg = Release|ARM
		{5F3D50FE-288E-4421-8F17-F0D7D4E4176A}.Ad-Hoc|ARM.Build.0 = Release|ARM
		{5F3D50FE-288E-4421-8F17-F0D7D4E4176A}.Ad-Hoc|ARM.Deploy.0 = Release|ARM
		{5F3D50FE-288E-4421-8F17-F0D7D4E4176A}.Ad-Hoc|iPhone.ActiveCfg = Release|x86
		{5F3D50FE-288E-4421-8F17-F0D7D4E4176A}.Ad-Hoc|iPhone.Build.0 = Release|x86
		{5F3D50FE-288E-4421-8F17-F0D7D4E4176A}.Ad-Hoc|iPhone.Deploy.0 = Release|x86
		{5F3D50FE-288E-4421-8F17-F0D7D4E4176A}.Ad-Hoc|iPhoneSimulator.ActiveCfg = Release|x86
		{5F3D50FE-288E-4421-8F17-F0D7D4E4176A}.Ad-Hoc|iPhoneSimulator.Build.0 = Release|x86
		{5F3D50FE-288E-4421-8F17-F0D7D4E4176A}.Ad-Hoc|iPhoneSimulator.Deploy.0 = Release|x86
		{5F3D50FE-288E-4421-8F17-F0D7D4E4176A}.Ad-Hoc|x64.ActiveCfg = Release|x64
		{5F3D50FE-288E-4421-8F17-F0D7D4E4176A}.Ad-Hoc|x64.Build.0 = Release|x64
		{5F3D50FE-288E-4421-8F17-F0D7D4E4176A}.Ad-Hoc|x64.Deploy.0 = Release|x64
		{5F3D50FE-288E-4421-8F17-F0D7D4E4176A}.Ad-Hoc|x86.ActiveCfg = Release|x86
		{5F3D50FE-288E-4421-8F17-F0D7D4E4176A}.Ad-Hoc|x86.Build.0 = Release|x86
		{5F3D50FE-288E-4421-8F17-F0D7D4E4176A}.Ad-Hoc|x86.Deploy.0 = Release|x86
		{5F3D50FE-288E-4421-8F17-F0D7D4E4176A}.AppStore|Any CPU.ActiveCfg = Release|x86
		{5F3D50FE-288E-4421-8F17-F0D7D4E4176A}.AppStore|Any CPU.Build.0 = Release|x86
		{5F3D50FE-288E-4421-8F17-F0D7D4E4176A}.AppStore|Any CPU.Deploy.0 = Release|x86
		{5F3D50FE-288E-4421-8F17-F0D7D4E4176A}.AppStore|ARM.ActiveCfg = Release|ARM
		{5F3D50FE-288E-4421-8F17-F0D7D4E4176A}.AppStore|ARM.Build.0 = Release|ARM
		{5F3D50FE-288E-4421-8F17-F0D7D4E4176A}.AppStore|ARM.Deploy.0 = Release|ARM
		{5F3D50FE-288E-4421-8F17-F0D7D4E4176A}.AppStore|iPhone.ActiveCfg = Release|x86
		{5F3D50FE-288E-4421-8F17-F0D7D4E4176A}.AppStore|iPhone.Build.0 = Release|x86
		{5F3D50FE-288E-4421-8F17-F0D7D4E4176A}.AppStore|iPhone.Deploy.0 = Release|x86
		{5F3D50FE-288E-4421-8F17-F0D7D4E4176A}.AppStore|iPhoneSimulator.ActiveCfg = Release|x86
		{5F3D50FE-288E-4421-8F17-F0D7D4E4176A}.AppStore|iPhoneSimulator.Build.0 = Release|x86
		{5F3D50FE-288E-4421-8F17-F0D7D4E4176A}.AppStore|iPhoneSimulator.Deploy.0 = Release|x86
		{5F3D50FE-288E-4421-8F17-F0D7D4E4176A}.AppStore|x64.ActiveCfg = Release|x64
		{5F3D50FE-288E-4421-8F17-F0D7D4E4176A}.AppStore|x64.Build.0 = Release|x64
		{5F3D50FE-288E-4421-8F17-F0D7D4E4176A}.AppStore|x64.Deploy.0 = Release|x64
		{5F3D50FE-288E-4421-8F17-F0D7D4E4176A}.AppStore|x86.ActiveCfg = Release|x86
		{5F3D50FE-288E-4421-8F17-F0D7D4E4176A}.AppStore|x86.Build.0 = Release|x86
		{5F3D50FE-288E-4421-8F17-F0D7D4E4176A}.AppStore|x86.Deploy.0 = Release|x86
		{5F3D50FE-288E-4421-8F17-F0D7D4E4176A}.Debug|Any CPU.ActiveCfg = Debug|x86
		{5F3D50FE-288E-4421-8F17-F0D7D4E4176A}.Debug|Any CPU.Build.0 = Debug|x86
		{5F3D50FE-288E-4421-8F17-F0D7D4E4176A}.Debug|Any CPU.Deploy.0 = Debug|x86
		{5F3D50FE-288E-4421-8F17-F0D7D4E4176A}.Debug|ARM.ActiveCfg = Debug|ARM
		{5F3D50FE-288E-4421-8F17-F0D7D4E4176A}.Debug|ARM.Build.0 = Debug|ARM
		{5F3D50FE-288E-4421-8F17-F0D7D4E4176A}.Debug|ARM.Deploy.0 = Debug|ARM
		{5F3D50FE-288E-4421-8F17-F0D7D4E4176A}.Debug|iPhone.ActiveCfg = Debug|x86
		{5F3D50FE-288E-4421-8F17-F0D7D4E4176A}.Debug|iPhone.Build.0 = Debug|x86
		{5F3D50FE-288E-4421-8F17-F0D7D4E4176A}.Debug|iPhone.Deploy.0 = Debug|x86
		{5F3D50FE-288E-4421-8F17-F0D7D4E4176A}.Debug|iPhoneSimulator.ActiveCfg = Debug|x86
		{5F3D50FE-288E-4421-8F17-F0D7D4E4176A}.Debug|iPhoneSimulator.Build.0 = Debug|x86
		{5F3D50FE-288E-4421-8F17-F0D7D4E4176A}.Debug|iPhoneSimulator.Deploy.0 = Debug|x86
		{5F3D50FE-288E-4421-8F17-F0D7D4E4176A}.Debug|x64.ActiveCfg = Debug|x64
		{5F3D50FE-288E-4421-8F17-F0D7D4E4176A}.Debug|x64.Build.0 = Debug|x64
		{5F3D50FE-288E-4421-8F17-F0D7D4E4176A}.Debug|x64.Deploy.0 = Debug|x64
		{5F3D50FE-288E-4421-8F17-F0D7D4E4176A}.Debug|x86.ActiveCfg = Debug|x86
		{5F3D50FE-288E-4421-8F17-F0D7D4E4176A}.Debug|x86.Build.0 = Debug|x86
		{5F3D50FE-288E-4421-8F17-F0D7D4E4176A}.Debug|x86.Deploy.0 = Debug|x86
		{5F3D50FE-288E-4421-8F17-F0D7D4E4176A}.Release|Any CPU.ActiveCfg = Release|x86
		{5F3D50FE-288E-4421-8F17-F0D7D4E4176A}.Release|Any CPU.Build.0 = Release|x86
		{5F3D50FE-288E-4421-8F17-F0D7D4E4176A}.Release|Any CPU.Deploy.0 = Release|x86
		{5F3D50FE-288E-4421-8F17-F0D7D4E4176A}.Release|ARM.ActiveCfg = Release|ARM
		{5F3D50FE-288E-4421-8F17-F0D7D4E4176A}.Release|ARM.Build.0 = Release|ARM
		{5F3D50FE-288E-4421-8F17-F0D7D4E4176A}.Release|ARM.Deploy.0 = Release|ARM
		{5F3D50FE-288E-4421-8F17-F0D7D4E4176A}.Release|iPhone.ActiveCfg = Release|x86
		{5F3D50FE-288E-4421-8F17-F0D7D4E4176A}.Release|iPhone.Build.0 = Release|x86
		{5F3D50FE-288E-4421-8F17-F0D7D4E4176A}.Release|iPhone.Deploy.0 = Release|x86
		{5F3D50FE-288E-4421-8F17-F0D7D4E4176A}.Release|iPhoneSimulator.ActiveCfg = Release|x86
		{5F3D50FE-288E-4421-8F17-F0D7D4E4176A}.Release|iPhoneSimulator.Build.0 = Release|x86
		{5F3D50FE-288E-4421-8F17-F0D7D4E4176A}.Release|iPhoneSimulator.Deploy.0 = Release|x86
		{5F3D50FE-288E-4421-8F17-F0D7D4E4176A}.Release|x64.ActiveCfg = Release|x64
		{5F3D50FE-288E-4421-8F17-F0D7D4E4176A}.Release|x64.Build.0 = Release|x64
		{5F3D50FE-288E-4421-8F17-F0D7D4E4176A}.Release|x64.Deploy.0 = Release|x64
		{5F3D50FE-288E-4421-8F17-F0D7D4E4176A}.Release|x86.ActiveCfg = Release|x86
		{5F3D50FE-288E-4421-8F17-F0D7D4E4176A}.Release|x86.Build.0 = Release|x86
		{5F3D50FE-288E-4421-8F17-F0D7D4E4176A}.Release|x86.Deploy.0 = Release|x86
		{338E12AF-F24B-4B8C-991D-CB6780B9F0E8}.Ad-Hoc|Any CPU.ActiveCfg = Debug|Any CPU
		{338E12AF-F24B-4B8C-991D-CB6780B9F0E8}.Ad-Hoc|Any CPU.Build.0 = Debug|Any CPU
		{338E12AF-F24B-4B8C-991D-CB6780B9F0E8}.Ad-Hoc|Any CPU.Deploy.0 = Debug|Any CPU
		{338E12AF-F24B-4B8C-991D-CB6780B9F0E8}.Ad-Hoc|ARM.ActiveCfg = Debug|Any CPU
		{338E12AF-F24B-4B8C-991D-CB6780B9F0E8}.Ad-Hoc|ARM.Build.0 = Debug|Any CPU
		{338E12AF-F24B-4B8C-991D-CB6780B9F0E8}.Ad-Hoc|ARM.Deploy.0 = Debug|Any CPU
		{338E12AF-F24B-4B8C-991D-CB6780B9F0E8}.Ad-Hoc|iPhone.ActiveCfg = Debug|Any CPU
		{338E12AF-F24B-4B8C-991D-CB6780B9F0E8}.Ad-Hoc|iPhone.Build.0 = Debug|Any CPU
		{338E12AF-F24B-4B8C-991D-CB6780B9F0E8}.Ad-Hoc|iPhone.Deploy.0 = Debug|Any CPU
		{338E12AF-F24B-4B8C-991D-CB6780B9F0E8}.Ad-Hoc|iPhoneSimulator.ActiveCfg = Debug|Any CPU
		{338E12AF-F24B-4B8C-991D-CB6780B9F0E8}.Ad-Hoc|iPhoneSimulator.Build.0 = Debug|Any CPU
		{338E12AF-F24B-4B8C-991D-CB6780B9F0E8}.Ad-Hoc|iPhoneSimulator.Deploy.0 = Debug|Any CPU
		{338E12AF-F24B-4B8C-991D-CB6780B9F0E8}.Ad-Hoc|x64.ActiveCfg = Debug|Any CPU
		{338E12AF-F24B-4B8C-991D-CB6780B9F0E8}.Ad-Hoc|x64.Build.0 = Debug|Any CPU
		{338E12AF-F24B-4B8C-991D-CB6780B9F0E8}.Ad-Hoc|x64.Deploy.0 = Debug|Any CPU
		{338E12AF-F24B-4B8C-991D-CB6780B9F0E8}.Ad-Hoc|x86.ActiveCfg = Debug|Any CPU
		{338E12AF-F24B-4B8C-991D-CB6780B9F0E8}.Ad-Hoc|x86.Build.0 = Debug|Any CPU
		{338E12AF-F24B-4B8C-991D-CB6780B9F0E8}.Ad-Hoc|x86.Deploy.0 = Debug|Any CPU
		{338E12AF-F24B-4B8C-991D-CB6780B9F0E8}.AppStore|Any CPU.ActiveCfg = Debug|Any CPU
		{338E12AF-F24B-4B8C-991D-CB6780B9F0E8}.AppStore|Any CPU.Build.0 = Debug|Any CPU
		{338E12AF-F24B-4B8C-991D-CB6780B9F0E8}.AppStore|Any CPU.Deploy.0 = Debug|Any CPU
		{338E12AF-F24B-4B8C-991D-CB6780B9F0E8}.AppStore|ARM.ActiveCfg = Debug|Any CPU
		{338E12AF-F24B-4B8C-991D-CB6780B9F0E8}.AppStore|ARM.Build.0 = Debug|Any CPU
		{338E12AF-F24B-4B8C-991D-CB6780B9F0E8}.AppStore|ARM.Deploy.0 = Debug|Any CPU
		{338E12AF-F24B-4B8C-991D-CB6780B9F0E8}.AppStore|iPhone.ActiveCfg = Debug|Any CPU
		{338E12AF-F24B-4B8C-991D-CB6780B9F0E8}.AppStore|iPhone.Build.0 = Debug|Any CPU
		{338E12AF-F24B-4B8C-991D-CB6780B9F0E8}.AppStore|iPhone.Deploy.0 = Debug|Any CPU
		{338E12AF-F24B-4B8C-991D-CB6780B9F0E8}.AppStore|iPhoneSimulator.ActiveCfg = Debug|Any CPU
		{338E12AF-F24B-4B8C-991D-CB6780B9F0E8}.AppStore|iPhoneSimulator.Build.0 = Debug|Any CPU
		{338E12AF-F24B-4B8C-991D-CB6780B9F0E8}.AppStore|iPhoneSimulator.Deploy.0 = Debug|Any CPU
		{338E12AF-F24B-4B8C-991D-CB6780B9F0E8}.AppStore|x64.ActiveCfg = Debug|Any CPU
		{338E12AF-F24B-4B8C-991D-CB6780B9F0E8}.AppStore|x64.Build.0 = Debug|Any CPU
		{338E12AF-F24B-4B8C-991D-CB6780B9F0E8}.AppStore|x64.Deploy.0 = Debug|Any CPU
		{338E12AF-F24B-4B8C-991D-CB6780B9F0E8}.AppStore|x86.ActiveCfg = Debug|Any CPU
		{338E12AF-F24B-4B8C-991D-CB6780B9F0E8}.AppStore|x86.Build.0 = Debug|Any CPU
		{338E12AF-F24B-4B8C-991D-CB6780B9F0E8}.AppStore|x86.Deploy.0 = Debug|Any CPU
		{338E12AF-F24B-4B8C-991D-CB6780B9F0E8}.Debug|Any CPU.ActiveCfg = Debug|Any CPU
		{338E12AF-F24B-4B8C-991D-CB6780B9F0E8}.Debug|Any CPU.Build.0 = Debug|Any CPU
		{338E12AF-F24B-4B8C-991D-CB6780B9F0E8}.Debug|Any CPU.Deploy.0 = Debug|Any CPU
		{338E12AF-F24B-4B8C-991D-CB6780B9F0E8}.Debug|ARM.ActiveCfg = Debug|Any CPU
		{338E12AF-F24B-4B8C-991D-CB6780B9F0E8}.Debug|ARM.Build.0 = Debug|Any CPU
		{338E12AF-F24B-4B8C-991D-CB6780B9F0E8}.Debug|ARM.Deploy.0 = Debug|Any CPU
		{338E12AF-F24B-4B8C-991D-CB6780B9F0E8}.Debug|iPhone.ActiveCfg = Debug|Any CPU
		{338E12AF-F24B-4B8C-991D-CB6780B9F0E8}.Debug|iPhone.Build.0 = Debug|Any CPU
		{338E12AF-F24B-4B8C-991D-CB6780B9F0E8}.Debug|iPhone.Deploy.0 = Debug|Any CPU
		{338E12AF-F24B-4B8C-991D-CB6780B9F0E8}.Debug|iPhoneSimulator.ActiveCfg = Debug|Any CPU
		{338E12AF-F24B-4B8C-991D-CB6780B9F0E8}.Debug|iPhoneSimulator.Build.0 = Debug|Any CPU
		{338E12AF-F24B-4B8C-991D-CB6780B9F0E8}.Debug|iPhoneSimulator.Deploy.0 = Debug|Any CPU
		{338E12AF-F24B-4B8C-991D-CB6780B9F0E8}.Debug|x64.ActiveCfg = Debug|Any CPU
		{338E12AF-F24B-4B8C-991D-CB6780B9F0E8}.Debug|x64.Build.0 = Debug|Any CPU
		{338E12AF-F24B-4B8C-991D-CB6780B9F0E8}.Debug|x64.Deploy.0 = Debug|Any CPU
		{338E12AF-F24B-4B8C-991D-CB6780B9F0E8}.Debug|x86.ActiveCfg = Debug|Any CPU
		{338E12AF-F24B-4B8C-991D-CB6780B9F0E8}.Debug|x86.Build.0 = Debug|Any CPU
		{338E12AF-F24B-4B8C-991D-CB6780B9F0E8}.Debug|x86.Deploy.0 = Debug|Any CPU
		{338E12AF-F24B-4B8C-991D-CB6780B9F0E8}.Release|Any CPU.ActiveCfg = Release|Any CPU
		{338E12AF-F24B-4B8C-991D-CB6780B9F0E8}.Release|Any CPU.Build.0 = Release|Any CPU
		{338E12AF-F24B-4B8C-991D-CB6780B9F0E8}.Release|Any CPU.Deploy.0 = Release|Any CPU
		{338E12AF-F24B-4B8C-991D-CB6780B9F0E8}.Release|ARM.ActiveCfg = Release|Any CPU
		{338E12AF-F24B-4B8C-991D-CB6780B9F0E8}.Release|ARM.Build.0 = Release|Any CPU
		{338E12AF-F24B-4B8C-991D-CB6780B9F0E8}.Release|ARM.Deploy.0 = Release|Any CPU
		{338E12AF-F24B-4B8C-991D-CB6780B9F0E8}.Release|iPhone.ActiveCfg = Release|Any CPU
		{338E12AF-F24B-4B8C-991D-CB6780B9F0E8}.Release|iPhone.Build.0 = Release|Any CPU
		{338E12AF-F24B-4B8C-991D-CB6780B9F0E8}.Release|iPhone.Deploy.0 = Release|Any CPU
		{338E12AF-F24B-4B8C-991D-CB6780B9F0E8}.Release|iPhoneSimulator.ActiveCfg = Release|Any CPU
		{338E12AF-F24B-4B8C-991D-CB6780B9F0E8}.Release|iPhoneSimulator.Build.0 = Release|Any CPU
		{338E12AF-F24B-4B8C-991D-CB6780B9F0E8}.Release|iPhoneSimulator.Deploy.0 = Release|Any CPU
		{338E12AF-F24B-4B8C-991D-CB6780B9F0E8}.Release|x64.ActiveCfg = Release|Any CPU
		{338E12AF-F24B-4B8C-991D-CB6780B9F0E8}.Release|x64.Build.0 = Release|Any CPU
		{338E12AF-F24B-4B8C-991D-CB6780B9F0E8}.Release|x64.Deploy.0 = Release|Any CPU
		{338E12AF-F24B-4B8C-991D-CB6780B9F0E8}.Release|x86.ActiveCfg = Release|Any CPU
		{338E12AF-F24B-4B8C-991D-CB6780B9F0E8}.Release|x86.Build.0 = Release|Any CPU
		{338E12AF-F24B-4B8C-991D-CB6780B9F0E8}.Release|x86.Deploy.0 = Release|Any CPU
	EndGlobalSection
	GlobalSection(SolutionProperties) = preSolution
		HideSolutionNode = FALSE
	EndGlobalSection
	GlobalSection(ExtensibilityGlobals) = postSolution
		SolutionGuid = {44ECACD3-5B68-4EEE-BC9E-B6BBC8D35AFB}
	EndGlobalSection
EndGlobal
